/home/boittier/Documents/github/MDCMfast/results/h2o/3-fit-molecule/h2o_3charges.xyz
/home/boittier/Documents/github/MDCMfast/results/h2o/3-fit-molecule/h2o_3charges.log
/home/boittier/Documents/github/MDCMfast/results/h2o/4-refined/h2o_11charges_refined.xyz
/home/boittier/Documents/github/MDCMfast/results/h2o/4-refined/h2o_11charges_refined.log
/home/boittier/Documents/github/MDCMfast/results/h2o/3-fit-molecule/h2o_6charges.xyz
/home/boittier/Documents/github/MDCMfast/results/h2o/3-fit-molecule/h2o_6charges.log
/home/boittier/Documents/github/MDCMfast/results/h2o/3-fit-molecule/h2o_10charges.xyz
/home/boittier/Documents/github/MDCMfast/results/h2o/3-fit-molecule/h2o_10charges.log
/home/boittier/Documents/github/MDCMfast/results/h2o/4-refined/h2o_9charges_refined.xyz
/home/boittier/Documents/github/MDCMfast/results/h2o/4-refined/h2o_9charges_refined.log
/home/boittier/Documents/github/MDCMfast/results/h2o/4-refined/h2o_7charges_refined.xyz
/home/boittier/Documents/github/MDCMfast/results/h2o/4-refined/h2o_7charges_refined.log
/home/boittier/Documents/github/MDCMfast/results/h2o/4-refined/h2o_5charges_refined.xyz
/home/boittier/Documents/github/MDCMfast/results/h2o/4-refined/h2o_5charges_refined.log
/home/boittier/Documents/github/MDCMfast/results/h2o/3-fit-molecule/h2o_7charges.xyz
/home/boittier/Documents/github/MDCMfast/results/h2o/3-fit-molecule/h2o_7charges.log
/home/boittier/Documents/github/MDCMfast/results/h2o/4-refined/h2o_3charges_refined.xyz
/home/boittier/Documents/github/MDCMfast/results/h2o/4-refined/h2o_3charges_refined.log
/home/boittier/Documents/github/MDCMfast/results/h2o/3-fit-molecule/h2o_11charges.xyz
/home/boittier/Documents/github/MDCMfast/results/h2o/3-fit-molecule/h2o_11charges.log
/home/boittier/Documents/github/MDCMfast/results/h2o/3-fit-molecule/h2o_4charges.xyz
/home/boittier/Documents/github/MDCMfast/results/h2o/3-fit-molecule/h2o_4charges.log
/home/boittier/Documents/github/MDCMfast/results/h2o/4-refined/h2o_12charges_refined.xyz
/home/boittier/Documents/github/MDCMfast/results/h2o/4-refined/h2o_12charges_refined.log
/home/boittier/Documents/github/MDCMfast/results/h2o/3-fit-molecule/h2o_8charges.xyz
/home/boittier/Documents/github/MDCMfast/results/h2o/3-fit-molecule/h2o_8charges.log
/home/boittier/Documents/github/MDCMfast/results/h2o/4-refined/h2o_10charges_refined.xyz
/home/boittier/Documents/github/MDCMfast/results/h2o/4-refined/h2o_10charges_refined.log
/home/boittier/Documents/github/MDCMfast/results/h2o/4-refined/h2o_8charges_refined.xyz
/home/boittier/Documents/github/MDCMfast/results/h2o/4-refined/h2o_8charges_refined.log
/home/boittier/Documents/github/MDCMfast/results/h2o/3-fit-molecule/h2o_12charges.xyz
/home/boittier/Documents/github/MDCMfast/results/h2o/3-fit-molecule/h2o_12charges.log
/home/boittier/Documents/github/MDCMfast/results/h2o/4-refined/h2o_6charges_refined.xyz
/home/boittier/Documents/github/MDCMfast/results/h2o/4-refined/h2o_6charges_refined.log
/home/boittier/Documents/github/MDCMfast/results/h2o/4-refined/h2o_4charges_refined.xyz
/home/boittier/Documents/github/MDCMfast/results/h2o/4-refined/h2o_4charges_refined.log
/home/boittier/Documents/github/MDCMfast/results/h2o/3-fit-molecule/h2o_5charges.xyz
/home/boittier/Documents/github/MDCMfast/results/h2o/3-fit-molecule/h2o_5charges.log
/home/boittier/Documents/github/MDCMfast/results/h2o/3-fit-molecule/h2o_9charges.xyz
/home/boittier/Documents/github/MDCMfast/results/h2o/3-fit-molecule/h2o_9charges.log
